
Microsoft Visual Studio Solution File, Format Version 12.00
# Visual Studio Version 17
VisualStudioVersion = 17.3.32901.215
MinimumVisualStudioVersion = 10.0.40219.1
Project("{9A19103F-16F7-4668-BE54-9A1E7A4F7556}") = "AssortedProblemsConsole", "AssortedProblemsConsole\AssortedProblemsConsole.csproj", "{AAA406B2-CE07-4A1B-8D07-1B2F7377A86B}"
EndProject
Project("{9A19103F-16F7-4668-BE54-9A1E7A4F7556}") = "FizzBuzz", "FizzBuzz\FizzBuzz.csproj", "{9CEDD616-D426-4059-B7D5-B39E235E95A6}"
EndProject
Project("{9A19103F-16F7-4668-BE54-9A1E7A4F7556}") = "AssortedProblemsTests", "AssortedProblemsTests\AssortedProblemsTests.csproj", "{0CF855A6-6C69-499F-B2F2-8AC50A4A8941}"
EndProject
Project("{9A19103F-16F7-4668-BE54-9A1E7A4F7556}") = "Palindrome", "Palindrome\Palindrome.csproj", "{916FAB53-FD5C-4F42-8AD4-E6092E8BAAC3}"
EndProject
Project("{9A19103F-16F7-4668-BE54-9A1E7A4F7556}") = "Anagram", "Anagram\Anagram.csproj", "{9B726B6F-4344-4CDB-8224-796A08533BB2}"
EndProject
Project("{FAE04EC0-301F-11D3-BF4B-00C04F79EFBC}") = "TreeDictionary", "TreeDictionary\TreeDictionary.csproj", "{A8952ABE-B607-4DCD-A05F-6C5FA99B5DDA}"
EndProject
Global
	GlobalSection(SolutionConfigurationPlatforms) = preSolution
		Debug|Any CPU = Debug|Any CPU
		Release|Any CPU = Release|Any CPU
	EndGlobalSection
	GlobalSection(ProjectConfigurationPlatforms) = postSolution
		{AAA406B2-CE07-4A1B-8D07-1B2F7377A86B}.Debug|Any CPU.ActiveCfg = Debug|Any CPU
		{AAA406B2-CE07-4A1B-8D07-1B2F7377A86B}.Debug|Any CPU.Build.0 = Debug|Any CPU
		{AAA406B2-CE07-4A1B-8D07-1B2F7377A86B}.Release|Any CPU.ActiveCfg = Release|Any CPU
		{AAA406B2-CE07-4A1B-8D07-1B2F7377A86B}.Release|Any CPU.Build.0 = Release|Any CPU
		{9CEDD616-D426-4059-B7D5-B39E235E95A6}.Debug|Any CPU.ActiveCfg = Debug|Any CPU
		{9CEDD616-D426-4059-B7D5-B39E235E95A6}.Debug|Any CPU.Build.0 = Debug|Any CPU
		{9CEDD616-D426-4059-B7D5-B39E235E95A6}.Release|Any CPU.ActiveCfg = Release|Any CPU
		{9CEDD616-D426-4059-B7D5-B39E235E95A6}.Release|Any CPU.Build.0 = Release|Any CPU
		{0CF855A6-6C69-499F-B2F2-8AC50A4A8941}.Debug|Any CPU.ActiveCfg = Debug|Any CPU
		{0CF855A6-6C69-499F-B2F2-8AC50A4A8941}.Debug|Any CPU.Build.0 = Debug|Any CPU
		{0CF855A6-6C69-499F-B2F2-8AC50A4A8941}.Release|Any CPU.ActiveCfg = Release|Any CPU
		{0CF855A6-6C69-499F-B2F2-8AC50A4A8941}.Release|Any CPU.Build.0 = Release|Any CPU
		{916FAB53-FD5C-4F42-8AD4-E6092E8BAAC3}.Debug|Any CPU.ActiveCfg = Debug|Any CPU
		{916FAB53-FD5C-4F42-8AD4-E6092E8BAAC3}.Debug|Any CPU.Build.0 = Debug|Any CPU
		{916FAB53-FD5C-4F42-8AD4-E6092E8BAAC3}.Release|Any CPU.ActiveCfg = Release|Any CPU
		{916FAB53-FD5C-4F42-8AD4-E6092E8BAAC3}.Release|Any CPU.Build.0 = Release|Any CPU
		{9B726B6F-4344-4CDB-8224-796A08533BB2}.Debug|Any CPU.ActiveCfg = Debug|Any CPU
		{9B726B6F-4344-4CDB-8224-796A08533BB2}.Debug|Any CPU.Build.0 = Debug|Any CPU
		{9B726B6F-4344-4CDB-8224-796A08533BB2}.Release|Any CPU.ActiveCfg = Release|Any CPU
		{9B726B6F-4344-4CDB-8224-796A08533BB2}.Release|Any CPU.Build.0 = Release|Any CPU
		{A8952ABE-B607-4DCD-A05F-6C5FA99B5DDA}.Debug|Any CPU.ActiveCfg = Debug|Any CPU
		{A8952ABE-B607-4DCD-A05F-6C5FA99B5DDA}.Debug|Any CPU.Build.0 = Debug|Any CPU
		{A8952ABE-B607-4DCD-A05F-6C5FA99B5DDA}.Release|Any CPU.ActiveCfg = Release|Any CPU
		{A8952ABE-B607-4DCD-A05F-6C5FA99B5DDA}.Release|Any CPU.Build.0 = Release|Any CPU
	EndGlobalSection
	GlobalSection(SolutionProperties) = preSolution
		HideSolutionNode = FALSE
	EndGlobalSection
	GlobalSection(ExtensibilityGlobals) = postSolution
		SolutionGuid = {03DF8269-B39F-4FD5-A458-BE4EF1C35B84}
	EndGlobalSection
EndGlobal
